// !$*UTF8*$!
{
	archiveVersion = 1;
	classes = {
	};
	objectVersion = 50;
	objects = {

/* Begin PBXBuildFile section */
		840461E82304676D00DBBC09 /* WebKit.framework in Frameworks */ = {isa = PBXBuildFile; fileRef = 840461E72304676D00DBBC09 /* WebKit.framework */; };
		84068B2423041A53002AEBF8 /* AppDelegate.swift in Sources */ = {isa = PBXBuildFile; fileRef = 84068B2323041A53002AEBF8 /* AppDelegate.swift */; };
		84068B2623041A53002AEBF8 /* ViewController.swift in Sources */ = {isa = PBXBuildFile; fileRef = 84068B2523041A53002AEBF8 /* ViewController.swift */; };
		84068B2923041A53002AEBF8 /* Main.storyboard in Resources */ = {isa = PBXBuildFile; fileRef = 84068B2723041A53002AEBF8 /* Main.storyboard */; };
		84068B2B23041A54002AEBF8 /* Assets.xcassets in Resources */ = {isa = PBXBuildFile; fileRef = 84068B2A23041A54002AEBF8 /* Assets.xcassets */; };
		84068B2E23041A54002AEBF8 /* LaunchScreen.storyboard in Resources */ = {isa = PBXBuildFile; fileRef = 84068B2C23041A54002AEBF8 /* LaunchScreen.storyboard */; };
/* End PBXBuildFile section */

/* Begin PBXFileReference section */
		840461E72304676D00DBBC09 /* WebKit.framework */ = {isa = PBXFileReference; lastKnownFileType = wrapper.framework; name = WebKit.framework; path = System/Library/Frameworks/WebKit.framework; sourceTree = SDKROOT; };
		84068B2023041A53002AEBF8 /* BrowserInMyPhone.app */ = {isa = PBXFileReference; explicitFileType = wrapper.application; includeInIndex = 0; path = BrowserInMyPhone.app; sourceTree = BUILT_PRODUCTS_DIR; };
		84068B2323041A53002AEBF8 /* AppDelegate.swift */ = {isa = PBXFileReference; lastKnownFileType = sourcecode.swift; path = AppDelegate.swift; sourceTree = "<group>"; };
		84068B2523041A53002AEBF8 /* ViewController.swift */ = {isa = PBXFileReference; lastKnownFileType = sourcecode.swift; path = ViewController.swift; sourceTree = "<group>"; };
		84068B2823041A53002AEBF8 /* Base */ = {isa = PBXFileReference; lastKnownFileType = file.storyboard; name = Base; path = Base.lproj/Main.storyboard; sourceTree = "<group>"; };
		84068B2A23041A54002AEBF8 /* Assets.xcassets */ = {isa = PBXFileReference; lastKnownFileType = folder.assetcatalog; path = Assets.xcassets; sourceTree = "<group>"; };
		84068B2D23041A54002AEBF8 /* Base */ = {isa = PBXFileReference; lastKnownFileType = file.storyboard; name = Base; path = Base.lproj/LaunchScreen.storyboard; sourceTree = "<group>"; };
		84068B2F23041A54002AEBF8 /* Info.plist */ = {isa = PBXFileReference; lastKnownFileType = text.plist.xml; path = Info.plist; sourceTree = "<group>"; };
/* End PBXFileReference section */

/* Begin PBXFrameworksBuildPhase section */
		84068B1D23041A53002AEBF8 /* Frameworks */ = {
			isa = PBXFrameworksBuildPhase;
			buildActionMask = 2147483647;
			files = (
				840461E82304676D00DBBC09 /* WebKit.framework in Frameworks */,
			);
			runOnlyForDeploymentPostprocessing = 0;
		};
/* End PBXFrameworksBuildPhase section */

/* Begin PBXGroup section */
		840461E62304676D00DBBC09 /* Frameworks */ = {
			isa = PBXGroup;
			children = (
				840461E72304676D00DBBC09 /* WebKit.framework */,
			);
			name = Frameworks;
			sourceTree = "<group>";
		};
		84068B1723041A53002AEBF8 = {
			isa = PBXGroup;
			children = (
				84068B2223041A53002AEBF8 /* BrowserInMyPhone */,
				84068B2123041A53002AEBF8 /* Products */,
				840461E62304676D00DBBC09 /* Frameworks */,
			);
			sourceTree = "<group>";
		};
		84068B2123041A53002AEBF8 /* Products */ = {
			isa = PBXGroup;
			children = (
				84068B2023041A53002AEBF8 /* BrowserInMyPhone.app */,
			);
			name = Products;
			sourceTree = "<group>";
		};
		84068B2223041A53002AEBF8 /* BrowserInMyPhone */ = {
			isa = PBXGroup;
			children = (
				84068B2323041A53002AEBF8 /* AppDelegate.swift */,
				84068B2523041A53002AEBF8 /* ViewController.swift */,
				84068B2723041A53002AEBF8 /* Main.storyboard */,
				84068B2A23041A54002AEBF8 /* Assets.xcassets */,
				84068B2C23041A54002AEBF8 /* LaunchScreen.storyboard */,
				84068B2F23041A54002AEBF8 /* Info.plist */,
			);
			path = BrowserInMyPhone;
			sourceTree = "<group>";
		};
/* End PBXGroup section */

/* Begin PBXNativeTarget section */
		84068B1F23041A53002AEBF8 /* BrowserInMyPhone */ = {
			isa = PBXNativeTarget;
			buildConfigurationList = 84068B3223041A54002AEBF8 /* Build configuration list for PBXNativeTarget "BrowserInMyPhone" */;
			buildPhases = (
				84068B1C23041A53002AEBF8 /* Sources */,
				84068B1D23041A53002AEBF8 /* Frameworks */,
				84068B1E23041A53002AEBF8 /* Resources */,
			);
			buildRules = (
			);
			dependencies = (
			);
			name = BrowserInMyPhone;
			productName = BrowserInMyPhone;
			productReference = 84068B2023041A53002AEBF8 /* BrowserInMyPhone.app */;
			productType = "com.apple.product-type.application";
		};
/* End PBXNativeTarget section */

/* Begin PBXProject section */
		84068B1823041A53002AEBF8 /* Project object */ = {
			isa = PBXProject;
			attributes = {
				LastSwiftUpdateCheck = 1030;
				LastUpgradeCheck = 1030;
				ORGANIZATIONNAME = "Nika Perepelkina";
				TargetAttributes = {
					84068B1F23041A53002AEBF8 = {
						CreatedOnToolsVersion = 10.3;
					};
				};
			};
			buildConfigurationList = 84068B1B23041A53002AEBF8 /* Build configuration list for PBXProject "BrowserInMyPhone" */;
			compatibilityVersion = "Xcode 9.3";
			developmentRegion = en;
			hasScannedForEncodings = 0;
			knownRegions = (
				en,
				Base,
			);
			mainGroup = 84068B1723041A53002AEBF8;
			productRefGroup = 84068B2123041A53002AEBF8 /* Products */;
			projectDirPath = "";
			projectRoot = "";
			targets = (
				84068B1F23041A53002AEBF8 /* BrowserInMyPhone */,
			);
		};
/* End PBXProject section */

/* Begin PBXResourcesBuildPhase section */
		84068B1E23041A53002AEBF8 /* Resources */ = {
			isa = PBXResourcesBuildPhase;
			buildActionMask = 2147483647;
			files = (
				84068B2E23041A54002AEBF8 /* LaunchScreen.storyboard in Resources */,
				84068B2B23041A54002AEBF8 /* Assets.xcassets in Resources */,
				84068B2923041A53002AEBF8 /* Main.storyboard in Resources */,
			);
			runOnlyForDeploymentPostprocessing = 0;
		};
/* End PBXResourcesBuildPhase section */

/* Begin PBXSourcesBuildPhase section */
		84068B1C23041A53002AEBF8 /* Sources */ = {
			isa = PBXSourcesBuildPhase;
			buildActionMask = 2147483647;
			files = (
				84068B2623041A53002AEBF8 /* ViewController.swift in Sources */,
				84068B2423041A53002AEBF8 /* AppDelegate.swift in Sources */,
			);
			runOnlyForDeploymentPostprocessing = 0;
		};
/* End PBXSourcesBuildPhase section */

/* Begin PBXVariantGroup section */
		84068B2723041A53002AEBF8 /* Main.storyboard */ = {
			isa = PBXVariantGroup;
			children = (
				84068B2823041A53002AEBF8 /* Base */,
			);
			name = Main.storyboard;
			sourceTree = "<group>";
		};
		84068B2C23041A54002AEBF8 /* LaunchScreen.storyboard */ = {
			isa = PBXVariantGroup;
			children = (
				84068B2D23041A54002AEBF8 /* Base */,
			);
			name = LaunchScreen.storyboard;
			sourceTree = "<group>";
		};
/* End PBXVariantGroup section */

/* Begin XCBuildConfiguration section */
		84068B3023041A54002AEBF8 /* Debug */ = {
			isa = XCBuildConfiguration;
			buildSettings = {
				ALWAYS_SEARCH_USER_PATHS = NO;
				CLANG_ANALYZER_NONNULL = YES;
				CLANG_ANALYZER_NUMBER_OBJECT_CONVERSION = YES_AGGRESSIVE;
				CLANG_CXX_LANGUAGE_STANDARD = "gnu++14";
				CLANG_CXX_LIBRARY = "libc++";
				CLANG_ENABLE_MODULES = YES;
				CLANG_ENABLE_OBJC_ARC = YES;
				CLANG_ENABLE_OBJC_WEAK = YES;
				CLANG_WARN_BLOCK_CAPTURE_AUTORELEASING = YES;
				CLANG_WARN_BOOL_CONVERSION = YES;
				CLANG_WARN_COMMA = YES;
				CLANG_WARN_CONSTANT_CONVERSION = YES;
				CLANG_WARN_DEPRECATED_OBJC_IMPLEMENTATIONS = YES;
				CLANG_WARN_DIRECT_OBJC_ISA_USAGE = YES_ERROR;
				CLANG_WARN_DOCUMENTATION_COMMENTS = YES;
				CLANG_WARN_EMPTY_BODY = YES;
				CLANG_WARN_ENUM_CONVERSION = YES;
				CLANG_WARN_INFINITE_RECURSION = YES;
				CLANG_WARN_INT_CONVERSION = YES;
				CLANG_WARN_NON_LITERAL_NULL_CONVERSION = YES;
				CLANG_WARN_OBJC_IMPLICIT_RETAIN_SELF = YES;
				CLANG_WARN_OBJC_LITERAL_CONVERSION = YES;
				CLANG_WARN_OBJC_ROOT_CLASS = YES_ERROR;
				CLANG_WARN_RANGE_LOOP_ANALYSIS = YES;
				CLANG_WARN_STRICT_PROTOTYPES = YES;
				CLANG_WARN_SUSPICIOUS_MOVE = YES;
				CLANG_WARN_UNGUARDED_AVAILABILITY = YES_AGGRESSIVE;
				CLANG_WARN_UNREACHABLE_CODE = YES;
				CLANG_WARN__DUPLICATE_METHOD_MATCH = YES;
				CODE_SIGN_IDENTITY = "iPhone Developer";
				COPY_PHASE_STRIP = NO;
				DEBUG_INFORMATION_FORMAT = dwarf;
				ENABLE_STRICT_OBJC_MSGSEND = YES;
				ENABLE_TESTABILITY = YES;
				GCC_C_LANGUAGE_STANDARD = gnu11;
				GCC_DYNAMIC_NO_PIC = NO;
				GCC_NO_COMMON_BLOCKS = YES;
				GCC_OPTIMIZATION_LEVEL = 0;
				GCC_PREPROCESSOR_DEFINITIONS = (
					"DEBUG=1",
					"$(inherited)",
				);
				GCC_WARN_64_TO_32_BIT_CONVERSION = YES;
				GCC_WARN_ABOUT_RETURN_TYPE = YES_ERROR;
				GCC_WARN_UNDECLARED_SELECTOR = YES;
				GCC_WARN_UNINITIALIZED_AUTOS = YES_AGGRESSIVE;
				GCC_WARN_UNUSED_FUNCTION = YES;
				GCC_WARN_UNUSED_VARIABLE = YES;
				IPHONEOS_DEPLOYMENT_TARGET = 12.4;
				MTL_ENABLE_DEBUG_INFO = INCLUDE_SOURCE;
				MTL_FAST_MATH = YES;
				ONLY_ACTIVE_ARCH = YES;
				SDKROOT = iphoneos;
				SWIFT_ACTIVE_COMPILATION_CONDITIONS = DEBUG;
				SWIFT_OPTIMIZATION_LEVEL = "-Onone";
			};
			name = Debug;
		};
		84068B3123041A54002AEBF8 /* Release */ = {
			isa = XCBuildConfiguration;
			buildSettings = {
				ALWAYS_SEARCH_USER_PATHS = NO;
				CLANG_ANALYZER_NONNULL = YES;
				CLANG_ANALYZER_NUMBER_OBJECT_CONVERSION = YES_AGGRESSIVE;
				CLANG_CXX_LANGUAGE_STANDARD = "gnu++14";
				CLANG_CXX_LIBRARY = "libc++";
				CLANG_ENABLE_MODULES = YES;
				CLANG_ENABLE_OBJC_ARC = YES;
				CLANG_ENABLE_OBJC_WEAK = YES;
				CLANG_WARN_BLOCK_CAPTURE_AUTORELEASING = YES;
				CLANG_WARN_BOOL_CONVERSION = YES;
				CLANG_WARN_COMMA = YES;
				CLANG_WARN_CONSTANT_CONVERSION = YES;
				CLANG_WARN_DEPRECATED_OBJC_IMPLEMENTATIONS = YES;
				CLANG_WARN_DIRECT_OBJC_ISA_USAGE = YES_ERROR;
				CLANG_WARN_DOCUMENTATION_COMMENTS = YES;
				CLANG_WARN_EMPTY_BODY = YES;
				CLANG_WARN_ENUM_CONVERSION = YES;
				CLANG_WARN_INFINITE_RECURSION = YES;
				CLANG_WARN_INT_CONVERSION = YES;
				CLANG_WARN_NON_LITERAL_NULL_CONVERSION = YES;
				CLANG_WARN_OBJC_IMPLICIT_RETAIN_SELF = YES;
				CLANG_WARN_OBJC_LITERAL_CONVERSION = YES;
				CLANG_WARN_OBJC_ROOT_CLASS = YES_ERROR;
				CLANG_WARN_RANGE_LOOP_ANALYSIS = YES;
				CLANG_WARN_STRICT_PROTOTYPES = YES;
				CLANG_WARN_SUSPICIOUS_MOVE = YES;
				CLANG_WARN_UNGUARDED_AVAILABILITY = YES_AGGRESSIVE;
				CLANG_WARN_UNREACHABLE_CODE = YES;
				CLANG_WARN__DUPLICATE_METHOD_MATCH = YES;
				CODE_SIGN_IDENTITY = "iPhone Developer";
				COPY_PHASE_STRIP = NO;
				DEBUG_INFORMATION_FORMAT = "dwarf-with-dsym";
				ENABLE_NS_ASSERTIONS = NO;
				ENABLE_STRICT_OBJC_MSGSEND = YES;
				GCC_C_LANGUAGE_STANDARD = gnu11;
				GCC_NO_COMMON_BLOCKS = YES;
				GCC_WARN_64_TO_32_BIT_CONVERSION = YES;
				GCC_WARN_ABOUT_RETURN_TYPE = YES_ERROR;
				GCC_WARN_UNDECLARED_SELECTOR = YES;
				GCC_WARN_UNINITIALIZED_AUTOS = YES_AGGRESSIVE;
				GCC_WARN_UNUSED_FUNCTION = YES;
				GCC_WARN_UNUSED_VARIABLE = YES;
				IPHONEOS_DEPLOYMENT_TARGET = 12.4;
				MTL_ENABLE_DEBUG_INFO = NO;
				MTL_FAST_MATH = YES;
				SDKROOT = iphoneos;
				SWIFT_COMPILATION_MODE = wholemodule;
				SWIFT_OPTIMIZATION_LEVEL = "-O";
				VALIDATE_PRODUCT = YES;
			};
			name = Release;
		};
		84068B3323041A54002AEBF8 /* Debug */ = {
			isa = XCBuildConfiguration;
			buildSettings = {
				ASSETCATALOG_COMPILER_APPICON_NAME = AppIcon;
				CODE_SIGN_STYLE = Automatic;
				DEVELOPMENT_TEAM = BCGT84N7ZJ;
				INFOPLIST_FILE = BrowserInMyPhone/Info.plist;
				LD_RUNPATH_SEARCH_PATHS = (
					"$(inherited)",
					"@executable_path/Frameworks",
				);
				PRODUCT_BUNDLE_IDENTIFIER = "-23.BrowserInMyPhone";
				PRODUCT_NAME = "$(TARGET_NAME)";
				SWIFT_VERSION = 5.0;
				TARGETED_DEVICE_FAMILY = "1,2";
			};
			name = Debug;
		};
		84068B3423041A54002AEBF8 /* Release */ = {
			isa = XCBuildConfiguration;
			buildSettings = {
				ASSETCATALOG_COMPILER_APPICON_NAME = AppIcon;
				CODE_SIGN_STYLE = Automatic;
				DEVELOPMENT_TEAM = BCGT84N7ZJ;
				INFOPLIST_FILE = BrowserInMyPhone/Info.plist;
				LD_RUNPATH_SEARCH_PATHS = (
					"$(inherited)",
					"@executable_path/Frameworks",
				);
				PRODUCT_BUNDLE_IDENTIFIER = "-23.BrowserInMyPhone";
				PRODUCT_NAME = "$(TARGET_NAME)";
				SWIFT_VERSION = 5.0;
				TARGETED_DEVICE_FAMILY = "1,2";
			};
			name = Release;
		};
/* End XCBuildConfiguration section */

/* Begin XCConfigurationList section */
		84068B1B23041A53002AEBF8 /* Build configuration list for PBXProject "BrowserInMyPhone" */ = {
			isa = XCConfigurationList;
			buildConfigurations = (
				84068B3023041A54002AEBF8 /* Debug */,
				84068B3123041A54002AEBF8 /* Release */,
			);
			defaultConfigurationIsVisible = 0;
			defaultConfigurationName = Release;
		};
		84068B3223041A54002AEBF8 /* Build configuration list for PBXNativeTarget "BrowserInMyPhone" */ = {
			isa = XCConfigurationList;
			buildConfigurations = (
				84068B3323041A54002AEBF8 /* Debug */,
				84068B3423041A54002AEBF8 /* Release */,
			);
			defaultConfigurationIsVisible = 0;
			defaultConfigurationName = Release;
		};
/* End XCConfigurationList section */
	};
	rootObject = 84068B1823041A53002AEBF8 /* Project object */;
}
